// !$*UTF8*$!
{
	archiveVersion = 1;
	classes = {
	};
	objectVersion = 46;
	objects = {

/* Begin PBXBuildFile section */
		FA597ECE1BC4797F0061F9B1 /* UIImage+Metal.swift in Sources */ = {isa = PBXBuildFile; fileRef = FA597ECD1BC4797F0061F9B1 /* UIImage+Metal.swift */; settings = {ASSET_TAGS = (); }; };
		FA597ECF1BC4797F0061F9B1 /* UIImage+Metal.swift in Sources */ = {isa = PBXBuildFile; fileRef = FA597ECD1BC4797F0061F9B1 /* UIImage+Metal.swift */; settings = {ASSET_TAGS = (); }; };
		FA597ED01BC47F170061F9B1 /* Localizable.swift in Sources */ = {isa = PBXBuildFile; fileRef = FACCBC3A1BC42E8800C074B9 /* Localizable.swift */; settings = {ASSET_TAGS = (); }; };
		FA597ED11BC47FC20061F9B1 /* Localizable.strings in Resources */ = {isa = PBXBuildFile; fileRef = FACCBC391BC42D8800C074B9 /* Localizable.strings */; settings = {ASSET_TAGS = (); }; };
		FACCBC321BC42D5D00C074B9 /* Assets.xcassets in Resources */ = {isa = PBXBuildFile; fileRef = FACCBC2D1BC42D5D00C074B9 /* Assets.xcassets */; settings = {ASSET_TAGS = (); }; };
		FACCBC331BC42D5D00C074B9 /* LaunchScreen.storyboard in Resources */ = {isa = PBXBuildFile; fileRef = FACCBC2E1BC42D5D00C074B9 /* LaunchScreen.storyboard */; settings = {ASSET_TAGS = (); }; };
		FACCBC341BC42D5D00C074B9 /* Main.storyboard in Resources */ = {isa = PBXBuildFile; fileRef = FACCBC301BC42D5D00C074B9 /* Main.storyboard */; settings = {ASSET_TAGS = (); }; };
		FACCBC371BC42D8800C074B9 /* Localizable.strings in Resources */ = {isa = PBXBuildFile; fileRef = FACCBC391BC42D8800C074B9 /* Localizable.strings */; };
		FACCBC3B1BC42E8800C074B9 /* Localizable.swift in Sources */ = {isa = PBXBuildFile; fileRef = FACCBC3A1BC42E8800C074B9 /* Localizable.swift */; settings = {ASSET_TAGS = (); }; };
		FACCBC431BC4441D00C074B9 /* TimerFormatter.strings in Resources */ = {isa = PBXBuildFile; fileRef = FACCBC461BC4441D00C074B9 /* TimerFormatter.strings */; };
		FACCBC441BC4441D00C074B9 /* TimerFormatter.strings in Resources */ = {isa = PBXBuildFile; fileRef = FACCBC461BC4441D00C074B9 /* TimerFormatter.strings */; };
		FACCBC4A1BC444E900C074B9 /* Timer.swift in Sources */ = {isa = PBXBuildFile; fileRef = FACCBC481BC444E900C074B9 /* Timer.swift */; settings = {ASSET_TAGS = (); }; };
		FACCBC4B1BC444E900C074B9 /* Timer.swift in Sources */ = {isa = PBXBuildFile; fileRef = FACCBC481BC444E900C074B9 /* Timer.swift */; settings = {ASSET_TAGS = (); }; };
		FACCBC4C1BC444E900C074B9 /* TimerFormatter.swift in Sources */ = {isa = PBXBuildFile; fileRef = FACCBC491BC444E900C074B9 /* TimerFormatter.swift */; settings = {ASSET_TAGS = (); }; };
		FACCBC4D1BC444E900C074B9 /* TimerFormatter.swift in Sources */ = {isa = PBXBuildFile; fileRef = FACCBC491BC444E900C074B9 /* TimerFormatter.swift */; settings = {ASSET_TAGS = (); }; };
		FACCBC4F1BC4450700C074B9 /* TimerFormatterLocalizable.swift in Sources */ = {isa = PBXBuildFile; fileRef = FACCBC4E1BC4450700C074B9 /* TimerFormatterLocalizable.swift */; settings = {ASSET_TAGS = (); }; };
		FACCBC501BC4450700C074B9 /* TimerFormatterLocalizable.swift in Sources */ = {isa = PBXBuildFile; fileRef = FACCBC4E1BC4450700C074B9 /* TimerFormatterLocalizable.swift */; settings = {ASSET_TAGS = (); }; };
		FACCBC551BC44B7400C074B9 /* GoldenSpiralCGFilter.swift in Sources */ = {isa = PBXBuildFile; fileRef = FACCBC521BC44B7400C074B9 /* GoldenSpiralCGFilter.swift */; settings = {ASSET_TAGS = (); }; };
		FACCBC561BC44B7400C074B9 /* GoldenSpiralCGFilter.swift in Sources */ = {isa = PBXBuildFile; fileRef = FACCBC521BC44B7400C074B9 /* GoldenSpiralCGFilter.swift */; settings = {ASSET_TAGS = (); }; };
		FACCBC571BC44B7400C074B9 /* GoldenSpiralFilter.swift in Sources */ = {isa = PBXBuildFile; fileRef = FACCBC531BC44B7400C074B9 /* GoldenSpiralFilter.swift */; settings = {ASSET_TAGS = (); }; };
		FACCBC581BC44B7400C074B9 /* GoldenSpiralFilter.swift in Sources */ = {isa = PBXBuildFile; fileRef = FACCBC531BC44B7400C074B9 /* GoldenSpiralFilter.swift */; settings = {ASSET_TAGS = (); }; };
		FACCBC591BC44B7400C074B9 /* GoldenSpiralMetalFilter.swift in Sources */ = {isa = PBXBuildFile; fileRef = FACCBC541BC44B7400C074B9 /* GoldenSpiralMetalFilter.swift */; settings = {ASSET_TAGS = (); }; };
		FACCBC5A1BC44B7400C074B9 /* GoldenSpiralMetalFilter.swift in Sources */ = {isa = PBXBuildFile; fileRef = FACCBC541BC44B7400C074B9 /* GoldenSpiralMetalFilter.swift */; settings = {ASSET_TAGS = (); }; };
		FACCBC5D1BC44B8A00C074B9 /* UIImage+Transformations.swift in Sources */ = {isa = PBXBuildFile; fileRef = FACCBC5C1BC44B8A00C074B9 /* UIImage+Transformations.swift */; settings = {ASSET_TAGS = (); }; };
		FACCBC5E1BC44B8A00C074B9 /* UIImage+Transformations.swift in Sources */ = {isa = PBXBuildFile; fileRef = FACCBC5C1BC44B8A00C074B9 /* UIImage+Transformations.swift */; settings = {ASSET_TAGS = (); }; };
		FACCBC611BC44CE100C074B9 /* ImageView.swift in Sources */ = {isa = PBXBuildFile; fileRef = FACCBC601BC44CE100C074B9 /* ImageView.swift */; settings = {ASSET_TAGS = (); }; };
		FACCBC621BC44CE100C074B9 /* ImageView.swift in Sources */ = {isa = PBXBuildFile; fileRef = FACCBC601BC44CE100C074B9 /* ImageView.swift */; settings = {ASSET_TAGS = (); }; };
		FACCBC641BC44D2F00C074B9 /* MetalImageView.swift in Sources */ = {isa = PBXBuildFile; fileRef = FACCBC631BC44D2F00C074B9 /* MetalImageView.swift */; settings = {ASSET_TAGS = (); }; };
		FACCBC651BC44D2F00C074B9 /* MetalImageView.swift in Sources */ = {isa = PBXBuildFile; fileRef = FACCBC631BC44D2F00C074B9 /* MetalImageView.swift */; settings = {ASSET_TAGS = (); }; };
		FACCBC671BC44DA900C074B9 /* UIImageView+ImageView.swift in Sources */ = {isa = PBXBuildFile; fileRef = FACCBC661BC44DA900C074B9 /* UIImageView+ImageView.swift */; settings = {ASSET_TAGS = (); }; };
		FACCBC681BC44DA900C074B9 /* UIImageView+ImageView.swift in Sources */ = {isa = PBXBuildFile; fileRef = FACCBC661BC44DA900C074B9 /* UIImageView+ImageView.swift */; settings = {ASSET_TAGS = (); }; };
		FACFD8DA1BC4668900FF4249 /* BusyView.swift in Sources */ = {isa = PBXBuildFile; fileRef = FACFD8D91BC4668900FF4249 /* BusyView.swift */; settings = {ASSET_TAGS = (); }; };
		FACFD8DB1BC4668900FF4249 /* BusyView.swift in Sources */ = {isa = PBXBuildFile; fileRef = FACFD8D91BC4668900FF4249 /* BusyView.swift */; settings = {ASSET_TAGS = (); }; };
		FAEDBE9C1BC1722600FDBC15 /* AppDelegate.swift in Sources */ = {isa = PBXBuildFile; fileRef = FAEDBE9B1BC1722600FDBC15 /* AppDelegate.swift */; };
		FAEDBE9E1BC1722600FDBC15 /* ViewController.swift in Sources */ = {isa = PBXBuildFile; fileRef = FAEDBE9D1BC1722600FDBC15 /* ViewController.swift */; };
		FAEDBEB11BC1722600FDBC15 /* GoldenTilerTests.swift in Sources */ = {isa = PBXBuildFile; fileRef = FAEDBEB01BC1722600FDBC15 /* GoldenTilerTests.swift */; };
		FAEDBEBC1BC1722600FDBC15 /* GoldenTilerUITests.swift in Sources */ = {isa = PBXBuildFile; fileRef = FAEDBEBB1BC1722600FDBC15 /* GoldenTilerUITests.swift */; };
		FAEDBEDE1BC1FCC400FDBC15 /* PhotosUI.framework in Frameworks */ = {isa = PBXBuildFile; fileRef = FAEDBEDD1BC1FCC400FDBC15 /* PhotosUI.framework */; settings = {ASSET_TAGS = (); }; };
		FAEDBEE01BC1FCC400FDBC15 /* Photos.framework in Frameworks */ = {isa = PBXBuildFile; fileRef = FAEDBEDF1BC1FCC400FDBC15 /* Photos.framework */; settings = {ASSET_TAGS = (); }; };
		FAEDBEE31BC1FCC400FDBC15 /* PhotoEditingViewController.swift in Sources */ = {isa = PBXBuildFile; fileRef = FAEDBEE21BC1FCC400FDBC15 /* PhotoEditingViewController.swift */; };
		FAEDBEE61BC1FCC400FDBC15 /* MainInterface.storyboard in Resources */ = {isa = PBXBuildFile; fileRef = FAEDBEE41BC1FCC400FDBC15 /* MainInterface.storyboard */; };
		FAEDBEEA1BC1FCC400FDBC15 /* Extension.appex in Embed App Extensions */ = {isa = PBXBuildFile; fileRef = FAEDBEDB1BC1FCC400FDBC15 /* Extension.appex */; settings = {ATTRIBUTES = (RemoveHeadersOnCopy, ); }; };
		FAEDBEF21BC1FE5C00FDBC15 /* ApplicationViewController.swift in Sources */ = {isa = PBXBuildFile; fileRef = FAEDBEF11BC1FE5C00FDBC15 /* ApplicationViewController.swift */; settings = {ASSET_TAGS = (); }; };
		FAEDBEF31BC1FFFB00FDBC15 /* ViewController.swift in Sources */ = {isa = PBXBuildFile; fileRef = FAEDBE9D1BC1722600FDBC15 /* ViewController.swift */; settings = {ASSET_TAGS = (); }; };
/* End PBXBuildFile section */

/* Begin PBXContainerItemProxy section */
		FAEDBEAD1BC1722600FDBC15 /* PBXContainerItemProxy */ = {
			isa = PBXContainerItemProxy;
			containerPortal = FAEDBE901BC1722600FDBC15 /* Project object */;
			proxyType = 1;
			remoteGlobalIDString = FAEDBE971BC1722600FDBC15;
			remoteInfo = GoldenTiler;
		};
		FAEDBEB81BC1722600FDBC15 /* PBXContainerItemProxy */ = {
			isa = PBXContainerItemProxy;
			containerPortal = FAEDBE901BC1722600FDBC15 /* Project object */;
			proxyType = 1;
			remoteGlobalIDString = FAEDBE971BC1722600FDBC15;
			remoteInfo = GoldenTiler;
		};
		FAEDBEE81BC1FCC400FDBC15 /* PBXContainerItemProxy */ = {
			isa = PBXContainerItemProxy;
			containerPortal = FAEDBE901BC1722600FDBC15 /* Project object */;
			proxyType = 1;
			remoteGlobalIDString = FAEDBEDA1BC1FCC400FDBC15;
			remoteInfo = Extension;
		};
/* End PBXContainerItemProxy section */

/* Begin PBXCopyFilesBuildPhase section */
		FAEDBEEE1BC1FCC400FDBC15 /* Embed App Extensions */ = {
			isa = PBXCopyFilesBuildPhase;
			buildActionMask = 2147483647;
			dstPath = "";
			dstSubfolderSpec = 13;
			files = (
				FAEDBEEA1BC1FCC400FDBC15 /* Extension.appex in Embed App Extensions */,
			);
			name = "Embed App Extensions";
			runOnlyForDeploymentPostprocessing = 0;
		};
/* End PBXCopyFilesBuildPhase section */

/* Begin PBXFileReference section */
		FA597ECD1BC4797F0061F9B1 /* UIImage+Metal.swift */ = {isa = PBXFileReference; fileEncoding = 4; lastKnownFileType = sourcecode.swift; path = "UIImage+Metal.swift"; sourceTree = "<group>"; };
		FACCBC2D1BC42D5D00C074B9 /* Assets.xcassets */ = {isa = PBXFileReference; lastKnownFileType = folder.assetcatalog; path = Assets.xcassets; sourceTree = "<group>"; };
		FACCBC2F1BC42D5D00C074B9 /* Base */ = {isa = PBXFileReference; lastKnownFileType = file.storyboard; name = Base; path = Base.lproj/LaunchScreen.storyboard; sourceTree = "<group>"; };
		FACCBC311BC42D5D00C074B9 /* Base */ = {isa = PBXFileReference; lastKnownFileType = file.storyboard; name = Base; path = Base.lproj/Main.storyboard; sourceTree = "<group>"; };
		FACCBC381BC42D8800C074B9 /* en */ = {isa = PBXFileReference; lastKnownFileType = text.plist.strings; name = en; path = en.lproj/Localizable.strings; sourceTree = "<group>"; };
		FACCBC3A1BC42E8800C074B9 /* Localizable.swift */ = {isa = PBXFileReference; fileEncoding = 4; lastKnownFileType = sourcecode.swift; path = Localizable.swift; sourceTree = "<group>"; };
		FACCBC3F1BC4422900C074B9 /* MyPlayground.playground */ = {isa = PBXFileReference; lastKnownFileType = file.playground; path = MyPlayground.playground; sourceTree = "<group>"; };
		FACCBC451BC4441D00C074B9 /* en */ = {isa = PBXFileReference; lastKnownFileType = text.plist.strings; name = en; path = en.lproj/TimerFormatter.strings; sourceTree = "<group>"; };
		FACCBC481BC444E900C074B9 /* Timer.swift */ = {isa = PBXFileReference; fileEncoding = 4; lastKnownFileType = sourcecode.swift; path = Timer.swift; sourceTree = "<group>"; };
		FACCBC491BC444E900C074B9 /* TimerFormatter.swift */ = {isa = PBXFileReference; fileEncoding = 4; lastKnownFileType = sourcecode.swift; path = TimerFormatter.swift; sourceTree = "<group>"; };
		FACCBC4E1BC4450700C074B9 /* TimerFormatterLocalizable.swift */ = {isa = PBXFileReference; fileEncoding = 4; lastKnownFileType = sourcecode.swift; path = TimerFormatterLocalizable.swift; sourceTree = "<group>"; };
		FACCBC521BC44B7400C074B9 /* GoldenSpiralCGFilter.swift */ = {isa = PBXFileReference; fileEncoding = 4; lastKnownFileType = sourcecode.swift; path = GoldenSpiralCGFilter.swift; sourceTree = "<group>"; };
		FACCBC531BC44B7400C074B9 /* GoldenSpiralFilter.swift */ = {isa = PBXFileReference; fileEncoding = 4; lastKnownFileType = sourcecode.swift; path = GoldenSpiralFilter.swift; sourceTree = "<group>"; };
		FACCBC541BC44B7400C074B9 /* GoldenSpiralMetalFilter.swift */ = {isa = PBXFileReference; fileEncoding = 4; lastKnownFileType = sourcecode.swift; path = GoldenSpiralMetalFilter.swift; sourceTree = "<group>"; };
		FACCBC5C1BC44B8A00C074B9 /* UIImage+Transformations.swift */ = {isa = PBXFileReference; fileEncoding = 4; lastKnownFileType = sourcecode.swift; path = "UIImage+Transformations.swift"; sourceTree = "<group>"; };
		FACCBC601BC44CE100C074B9 /* ImageView.swift */ = {isa = PBXFileReference; fileEncoding = 4; lastKnownFileType = sourcecode.swift; path = ImageView.swift; sourceTree = "<group>"; };
		FACCBC631BC44D2F00C074B9 /* MetalImageView.swift */ = {isa = PBXFileReference; fileEncoding = 4; lastKnownFileType = sourcecode.swift; path = MetalImageView.swift; sourceTree = "<group>"; };
		FACCBC661BC44DA900C074B9 /* UIImageView+ImageView.swift */ = {isa = PBXFileReference; fileEncoding = 4; lastKnownFileType = sourcecode.swift; path = "UIImageView+ImageView.swift"; sourceTree = "<group>"; };
		FACFD8D91BC4668900FF4249 /* BusyView.swift */ = {isa = PBXFileReference; fileEncoding = 4; lastKnownFileType = sourcecode.swift; path = BusyView.swift; sourceTree = "<group>"; };
		FAEDBE981BC1722600FDBC15 /* GoldenTiler.app */ = {isa = PBXFileReference; explicitFileType = wrapper.application; includeInIndex = 0; path = GoldenTiler.app; sourceTree = BUILT_PRODUCTS_DIR; };
		FAEDBE9B1BC1722600FDBC15 /* AppDelegate.swift */ = {isa = PBXFileReference; lastKnownFileType = sourcecode.swift; path = AppDelegate.swift; sourceTree = "<group>"; };
		FAEDBE9D1BC1722600FDBC15 /* ViewController.swift */ = {isa = PBXFileReference; lastKnownFileType = sourcecode.swift; path = ViewController.swift; sourceTree = "<group>"; };
		FAEDBEA71BC1722600FDBC15 /* Info.plist */ = {isa = PBXFileReference; lastKnownFileType = text.plist.xml; path = Info.plist; sourceTree = "<group>"; };
		FAEDBEAC1BC1722600FDBC15 /* GoldenTilerTests.xctest */ = {isa = PBXFileReference; explicitFileType = wrapper.cfbundle; includeInIndex = 0; path = GoldenTilerTests.xctest; sourceTree = BUILT_PRODUCTS_DIR; };
		FAEDBEB01BC1722600FDBC15 /* GoldenTilerTests.swift */ = {isa = PBXFileReference; lastKnownFileType = sourcecode.swift; path = GoldenTilerTests.swift; sourceTree = "<group>"; };
		FAEDBEB21BC1722600FDBC15 /* Info.plist */ = {isa = PBXFileReference; lastKnownFileType = text.plist.xml; path = Info.plist; sourceTree = "<group>"; };
		FAEDBEB71BC1722600FDBC15 /* GoldenTilerUITests.xctest */ = {isa = PBXFileReference; explicitFileType = wrapper.cfbundle; includeInIndex = 0; path = GoldenTilerUITests.xctest; sourceTree = BUILT_PRODUCTS_DIR; };
		FAEDBEBB1BC1722600FDBC15 /* GoldenTilerUITests.swift */ = {isa = PBXFileReference; lastKnownFileType = sourcecode.swift; path = GoldenTilerUITests.swift; sourceTree = "<group>"; };
		FAEDBEBD1BC1722600FDBC15 /* Info.plist */ = {isa = PBXFileReference; lastKnownFileType = text.plist.xml; path = Info.plist; sourceTree = "<group>"; };
		FAEDBEDB1BC1FCC400FDBC15 /* Extension.appex */ = {isa = PBXFileReference; explicitFileType = "wrapper.app-extension"; includeInIndex = 0; path = Extension.appex; sourceTree = BUILT_PRODUCTS_DIR; };
		FAEDBEDD1BC1FCC400FDBC15 /* PhotosUI.framework */ = {isa = PBXFileReference; lastKnownFileType = wrapper.framework; name = PhotosUI.framework; path = System/Library/Frameworks/PhotosUI.framework; sourceTree = SDKROOT; };
		FAEDBEDF1BC1FCC400FDBC15 /* Photos.framework */ = {isa = PBXFileReference; lastKnownFileType = wrapper.framework; name = Photos.framework; path = System/Library/Frameworks/Photos.framework; sourceTree = SDKROOT; };
		FAEDBEE21BC1FCC400FDBC15 /* PhotoEditingViewController.swift */ = {isa = PBXFileReference; lastKnownFileType = sourcecode.swift; path = PhotoEditingViewController.swift; sourceTree = "<group>"; };
		FAEDBEE51BC1FCC400FDBC15 /* Base */ = {isa = PBXFileReference; lastKnownFileType = file.storyboard; name = Base; path = Base.lproj/MainInterface.storyboard; sourceTree = "<group>"; };
		FAEDBEE71BC1FCC400FDBC15 /* Info.plist */ = {isa = PBXFileReference; lastKnownFileType = text.plist.xml; path = Info.plist; sourceTree = "<group>"; };
		FAEDBEF11BC1FE5C00FDBC15 /* ApplicationViewController.swift */ = {isa = PBXFileReference; fileEncoding = 4; lastKnownFileType = sourcecode.swift; path = ApplicationViewController.swift; sourceTree = "<group>"; };
/* End PBXFileReference section */

/* Begin PBXFrameworksBuildPhase section */
		FAEDBE951BC1722600FDBC15 /* Frameworks */ = {
			isa = PBXFrameworksBuildPhase;
			buildActionMask = 2147483647;
			files = (
			);
			runOnlyForDeploymentPostprocessing = 0;
		};
		FAEDBEA91BC1722600FDBC15 /* Frameworks */ = {
			isa = PBXFrameworksBuildPhase;
			buildActionMask = 2147483647;
			files = (
			);
			runOnlyForDeploymentPostprocessing = 0;
		};
		FAEDBEB41BC1722600FDBC15 /* Frameworks */ = {
			isa = PBXFrameworksBuildPhase;
			buildActionMask = 2147483647;
			files = (
			);
			runOnlyForDeploymentPostprocessing = 0;
		};
		FAEDBED81BC1FCC400FDBC15 /* Frameworks */ = {
			isa = PBXFrameworksBuildPhase;
			buildActionMask = 2147483647;
			files = (
				FAEDBEDE1BC1FCC400FDBC15 /* PhotosUI.framework in Frameworks */,
				FAEDBEE01BC1FCC400FDBC15 /* Photos.framework in Frameworks */,
			);
			runOnlyForDeploymentPostprocessing = 0;
		};
/* End PBXFrameworksBuildPhase section */

/* Begin PBXGroup section */
		FACCBC2C1BC42D5D00C074B9 /* Resources */ = {
			isa = PBXGroup;
			children = (
				FACCBC2D1BC42D5D00C074B9 /* Assets.xcassets */,
				FACCBC2E1BC42D5D00C074B9 /* LaunchScreen.storyboard */,
				FACCBC301BC42D5D00C074B9 /* Main.storyboard */,
				FACCBC391BC42D8800C074B9 /* Localizable.strings */,
				FACCBC461BC4441D00C074B9 /* TimerFormatter.strings */,
			);
			path = Resources;
			sourceTree = "<group>";
		};
		FACCBC471BC444E900C074B9 /* Timer */ = {
			isa = PBXGroup;
			children = (
				FACCBC481BC444E900C074B9 /* Timer.swift */,
				FACCBC491BC444E900C074B9 /* TimerFormatter.swift */,
				FACCBC4E1BC4450700C074B9 /* TimerFormatterLocalizable.swift */,
			);
			path = Timer;
			sourceTree = "<group>";
		};
		FACCBC511BC44B7400C074B9 /* Filter */ = {
			isa = PBXGroup;
			children = (
				FACCBC531BC44B7400C074B9 /* GoldenSpiralFilter.swift */,
				FACCBC521BC44B7400C074B9 /* GoldenSpiralCGFilter.swift */,
				FACCBC541BC44B7400C074B9 /* GoldenSpiralMetalFilter.swift */,
			);
			path = Filter;
			sourceTree = "<group>";
		};
		FACCBC5B1BC44B8A00C074B9 /* Class Extensions */ = {
			isa = PBXGroup;
			children = (
				FACCBC5C1BC44B8A00C074B9 /* UIImage+Transformations.swift */,
				FA597ECD1BC4797F0061F9B1 /* UIImage+Metal.swift */,
			);
			path = "Class Extensions";
			sourceTree = "<group>";
		};
		FACCBC5F1BC44CD500C074B9 /* ImageView */ = {
			isa = PBXGroup;
			children = (
				FACCBC601BC44CE100C074B9 /* ImageView.swift */,
				FACCBC631BC44D2F00C074B9 /* MetalImageView.swift */,
				FACCBC661BC44DA900C074B9 /* UIImageView+ImageView.swift */,
			);
			path = ImageView;
			sourceTree = "<group>";
		};
		FAEDBE8F1BC1722600FDBC15 = {
			isa = PBXGroup;
			children = (
				FAEDBE9A1BC1722600FDBC15 /* GoldenTiler */,
				FAEDBEAF1BC1722600FDBC15 /* GoldenTilerTests */,
				FAEDBEBA1BC1722600FDBC15 /* GoldenTilerUITests */,
				FAEDBEE11BC1FCC400FDBC15 /* Extension */,
				FAEDBEDC1BC1FCC400FDBC15 /* Frameworks */,
				FAEDBE991BC1722600FDBC15 /* Products */,
			);
			sourceTree = "<group>";
		};
		FAEDBE991BC1722600FDBC15 /* Products */ = {
			isa = PBXGroup;
			children = (
				FAEDBE981BC1722600FDBC15 /* GoldenTiler.app */,
				FAEDBEAC1BC1722600FDBC15 /* GoldenTilerTests.xctest */,
				FAEDBEB71BC1722600FDBC15 /* GoldenTilerUITests.xctest */,
				FAEDBEDB1BC1FCC400FDBC15 /* Extension.appex */,
			);
			name = Products;
			sourceTree = "<group>";
		};
		FAEDBE9A1BC1722600FDBC15 /* GoldenTiler */ = {
			isa = PBXGroup;
			children = (
				FACCBC5B1BC44B8A00C074B9 /* Class Extensions */,
				FACCBC511BC44B7400C074B9 /* Filter */,
				FACCBC471BC444E900C074B9 /* Timer */,
				FACCBC5F1BC44CD500C074B9 /* ImageView */,
				FACCBC2C1BC42D5D00C074B9 /* Resources */,
				FAEDBE9B1BC1722600FDBC15 /* AppDelegate.swift */,
				FAEDBE9D1BC1722600FDBC15 /* ViewController.swift */,
				FACFD8D91BC4668900FF4249 /* BusyView.swift */,
				FAEDBEF11BC1FE5C00FDBC15 /* ApplicationViewController.swift */,
				FACCBC3A1BC42E8800C074B9 /* Localizable.swift */,
				FACCBC3F1BC4422900C074B9 /* MyPlayground.playground */,
				FAEDBEA71BC1722600FDBC15 /* Info.plist */,
			);
			path = GoldenTiler;
			sourceTree = "<group>";
		};
		FAEDBEAF1BC1722600FDBC15 /* GoldenTilerTests */ = {
			isa = PBXGroup;
			children = (
				FAEDBEB01BC1722600FDBC15 /* GoldenTilerTests.swift */,
				FAEDBEB21BC1722600FDBC15 /* Info.plist */,
			);
			path = GoldenTilerTests;
			sourceTree = "<group>";
		};
		FAEDBEBA1BC1722600FDBC15 /* GoldenTilerUITests */ = {
			isa = PBXGroup;
			children = (
				FAEDBEBB1BC1722600FDBC15 /* GoldenTilerUITests.swift */,
				FAEDBEBD1BC1722600FDBC15 /* Info.plist */,
			);
			path = GoldenTilerUITests;
			sourceTree = "<group>";
		};
		FAEDBEDC1BC1FCC400FDBC15 /* Frameworks */ = {
			isa = PBXGroup;
			children = (
				FAEDBEDD1BC1FCC400FDBC15 /* PhotosUI.framework */,
				FAEDBEDF1BC1FCC400FDBC15 /* Photos.framework */,
			);
			name = Frameworks;
			sourceTree = "<group>";
		};
		FAEDBEE11BC1FCC400FDBC15 /* Extension */ = {
			isa = PBXGroup;
			children = (
				FAEDBEE21BC1FCC400FDBC15 /* PhotoEditingViewController.swift */,
				FAEDBEE41BC1FCC400FDBC15 /* MainInterface.storyboard */,
				FAEDBEE71BC1FCC400FDBC15 /* Info.plist */,
			);
			path = Extension;
			sourceTree = "<group>";
		};
/* End PBXGroup section */

/* Begin PBXNativeTarget section */
		FAEDBE971BC1722600FDBC15 /* GoldenTiler */ = {
			isa = PBXNativeTarget;
			buildConfigurationList = FAEDBEC01BC1722600FDBC15 /* Build configuration list for PBXNativeTarget "GoldenTiler" */;
			buildPhases = (
				FAEDBE941BC1722600FDBC15 /* Sources */,
				FAEDBE951BC1722600FDBC15 /* Frameworks */,
				FAEDBE961BC1722600FDBC15 /* Resources */,
				FAEDBEEE1BC1FCC400FDBC15 /* Embed App Extensions */,
			);
			buildRules = (
			);
			dependencies = (
				FAEDBEE91BC1FCC400FDBC15 /* PBXTargetDependency */,
			);
			name = GoldenTiler;
			productName = GoldenTiler;
			productReference = FAEDBE981BC1722600FDBC15 /* GoldenTiler.app */;
			productType = "com.apple.product-type.application";
		};
		FAEDBEAB1BC1722600FDBC15 /* GoldenTilerTests */ = {
			isa = PBXNativeTarget;
			buildConfigurationList = FAEDBEC31BC1722600FDBC15 /* Build configuration list for PBXNativeTarget "GoldenTilerTests" */;
			buildPhases = (
				FAEDBEA81BC1722600FDBC15 /* Sources */,
				FAEDBEA91BC1722600FDBC15 /* Frameworks */,
				FAEDBEAA1BC1722600FDBC15 /* Resources */,
			);
			buildRules = (
			);
			dependencies = (
				FAEDBEAE1BC1722600FDBC15 /* PBXTargetDependency */,
			);
			name = GoldenTilerTests;
			productName = GoldenTilerTests;
			productReference = FAEDBEAC1BC1722600FDBC15 /* GoldenTilerTests.xctest */;
			productType = "com.apple.product-type.bundle.unit-test";
		};
		FAEDBEB61BC1722600FDBC15 /* GoldenTilerUITests */ = {
			isa = PBXNativeTarget;
			buildConfigurationList = FAEDBEC61BC1722600FDBC15 /* Build configuration list for PBXNativeTarget "GoldenTilerUITests" */;
			buildPhases = (
				FAEDBEB31BC1722600FDBC15 /* Sources */,
				FAEDBEB41BC1722600FDBC15 /* Frameworks */,
				FAEDBEB51BC1722600FDBC15 /* Resources */,
			);
			buildRules = (
			);
			dependencies = (
				FAEDBEB91BC1722600FDBC15 /* PBXTargetDependency */,
			);
			name = GoldenTilerUITests;
			productName = GoldenTilerUITests;
			productReference = FAEDBEB71BC1722600FDBC15 /* GoldenTilerUITests.xctest */;
			productType = "com.apple.product-type.bundle.ui-testing";
		};
		FAEDBEDA1BC1FCC400FDBC15 /* Extension */ = {
			isa = PBXNativeTarget;
			buildConfigurationList = FAEDBEEB1BC1FCC400FDBC15 /* Build configuration list for PBXNativeTarget "Extension" */;
			buildPhases = (
				FAEDBED71BC1FCC400FDBC15 /* Sources */,
				FAEDBED81BC1FCC400FDBC15 /* Frameworks */,
				FAEDBED91BC1FCC400FDBC15 /* Resources */,
			);
			buildRules = (
			);
			dependencies = (
			);
			name = Extension;
			productName = Extension;
			productReference = FAEDBEDB1BC1FCC400FDBC15 /* Extension.appex */;
			productType = "com.apple.product-type.app-extension";
		};
/* End PBXNativeTarget section */

/* Begin PBXProject section */
		FAEDBE901BC1722600FDBC15 /* Project object */ = {
			isa = PBXProject;
			attributes = {
				LastUpgradeCheck = 0700;
				ORGANIZATIONNAME = "Alexander Kolov";
				TargetAttributes = {
					FAEDBE971BC1722600FDBC15 = {
						CreatedOnToolsVersion = 7.0.1;
					};
					FAEDBEAB1BC1722600FDBC15 = {
						CreatedOnToolsVersion = 7.0.1;
						TestTargetID = FAEDBE971BC1722600FDBC15;
					};
					FAEDBEB61BC1722600FDBC15 = {
						CreatedOnToolsVersion = 7.0.1;
						TestTargetID = FAEDBE971BC1722600FDBC15;
					};
					FAEDBEDA1BC1FCC400FDBC15 = {
						CreatedOnToolsVersion = 7.0.1;
					};
				};
			};
			buildConfigurationList = FAEDBE931BC1722600FDBC15 /* Build configuration list for PBXProject "GoldenTiler" */;
			compatibilityVersion = "Xcode 3.2";
			developmentRegion = English;
			hasScannedForEncodings = 0;
			knownRegions = (
				en,
				Base,
			);
			mainGroup = FAEDBE8F1BC1722600FDBC15;
			productRefGroup = FAEDBE991BC1722600FDBC15 /* Products */;
			projectDirPath = "";
			projectRoot = "";
			targets = (
				FAEDBE971BC1722600FDBC15 /* GoldenTiler */,
				FAEDBEAB1BC1722600FDBC15 /* GoldenTilerTests */,
				FAEDBEB61BC1722600FDBC15 /* GoldenTilerUITests */,
				FAEDBEDA1BC1FCC400FDBC15 /* Extension */,
			);
		};
/* End PBXProject section */

/* Begin PBXResourcesBuildPhase section */
		FAEDBE961BC1722600FDBC15 /* Resources */ = {
			isa = PBXResourcesBuildPhase;
			buildActionMask = 2147483647;
			files = (
				FACCBC371BC42D8800C074B9 /* Localizable.strings in Resources */,
				FACCBC431BC4441D00C074B9 /* TimerFormatter.strings in Resources */,
				FACCBC341BC42D5D00C074B9 /* Main.storyboard in Resources */,
				FACCBC321BC42D5D00C074B9 /* Assets.xcassets in Resources */,
				FACCBC331BC42D5D00C074B9 /* LaunchScreen.storyboard in Resources */,
			);
			runOnlyForDeploymentPostprocessing = 0;
		};
		FAEDBEAA1BC1722600FDBC15 /* Resources */ = {
			isa = PBXResourcesBuildPhase;
			buildActionMask = 2147483647;
			files = (
			);
			runOnlyForDeploymentPostprocessing = 0;
		};
		FAEDBEB51BC1722600FDBC15 /* Resources */ = {
			isa = PBXResourcesBuildPhase;
			buildActionMask = 2147483647;
			files = (
			);
			runOnlyForDeploymentPostprocessing = 0;
		};
		FAEDBED91BC1FCC400FDBC15 /* Resources */ = {
			isa = PBXResourcesBuildPhase;
			buildActionMask = 2147483647;
			files = (
				FAEDBEE61BC1FCC400FDBC15 /* MainInterface.storyboard in Resources */,
				FA597ED11BC47FC20061F9B1 /* Localizable.strings in Resources */,
				FACCBC441BC4441D00C074B9 /* TimerFormatter.strings in Resources */,
			);
			runOnlyForDeploymentPostprocessing = 0;
		};
/* End PBXResourcesBuildPhase section */

/* Begin PBXSourcesBuildPhase section */
		FAEDBE941BC1722600FDBC15 /* Sources */ = {
			isa = PBXSourcesBuildPhase;
			buildActionMask = 2147483647;
			files = (
				FAEDBEF21BC1FE5C00FDBC15 /* ApplicationViewController.swift in Sources */,
				FAEDBE9E1BC1722600FDBC15 /* ViewController.swift in Sources */,
				FACCBC4A1BC444E900C074B9 /* Timer.swift in Sources */,
				FACCBC611BC44CE100C074B9 /* ImageView.swift in Sources */,
				FACCBC591BC44B7400C074B9 /* GoldenSpiralMetalFilter.swift in Sources */,
				FACCBC671BC44DA900C074B9 /* UIImageView+ImageView.swift in Sources */,
				FACCBC571BC44B7400C074B9 /* GoldenSpiralFilter.swift in Sources */,
				FACFD8DA1BC4668900FF4249 /* BusyView.swift in Sources */,
				FACCBC3B1BC42E8800C074B9 /* Localizable.swift in Sources */,
				FACCBC551BC44B7400C074B9 /* GoldenSpiralCGFilter.swift in Sources */,
				FACCBC641BC44D2F00C074B9 /* MetalImageView.swift in Sources */,
				FACCBC4F1BC4450700C074B9 /* TimerFormatterLocalizable.swift in Sources */,
				FACCBC4C1BC444E900C074B9 /* TimerFormatter.swift in Sources */,
				FA597ECE1BC4797F0061F9B1 /* UIImage+Metal.swift in Sources */,
				FACCBC5D1BC44B8A00C074B9 /* UIImage+Transformations.swift in Sources */,
				FAEDBE9C1BC1722600FDBC15 /* AppDelegate.swift in Sources */,
			);
			runOnlyForDeploymentPostprocessing = 0;
		};
		FAEDBEA81BC1722600FDBC15 /* Sources */ = {
			isa = PBXSourcesBuildPhase;
			buildActionMask = 2147483647;
			files = (
				FAEDBEB11BC1722600FDBC15 /* GoldenTilerTests.swift in Sources */,
			);
			runOnlyForDeploymentPostprocessing = 0;
		};
		FAEDBEB31BC1722600FDBC15 /* Sources */ = {
			isa = PBXSourcesBuildPhase;
			buildActionMask = 2147483647;
			files = (
				FAEDBEBC1BC1722600FDBC15 /* GoldenTilerUITests.swift in Sources */,
			);
			runOnlyForDeploymentPostprocessing = 0;
		};
		FAEDBED71BC1FCC400FDBC15 /* Sources */ = {
			isa = PBXSourcesBuildPhase;
			buildActionMask = 2147483647;
			files = (
				FACCBC581BC44B7400C074B9 /* GoldenSpiralFilter.swift in Sources */,
				FAEDBEF31BC1FFFB00FDBC15 /* ViewController.swift in Sources */,
				FAEDBEE31BC1FCC400FDBC15 /* PhotoEditingViewController.swift in Sources */,
				FACCBC681BC44DA900C074B9 /* UIImageView+ImageView.swift in Sources */,
				FACFD8DB1BC4668900FF4249 /* BusyView.swift in Sources */,
				FACCBC621BC44CE100C074B9 /* ImageView.swift in Sources */,
				FACCBC4D1BC444E900C074B9 /* TimerFormatter.swift in Sources */,
				FA597ED01BC47F170061F9B1 /* Localizable.swift in Sources */,
				FACCBC5E1BC44B8A00C074B9 /* UIImage+Transformations.swift in Sources */,
				FACCBC5A1BC44B7400C074B9 /* GoldenSpiralMetalFilter.swift in Sources */,
				FACCBC501BC4450700C074B9 /* TimerFormatterLocalizable.swift in Sources */,
				FACCBC651BC44D2F00C074B9 /* MetalImageView.swift in Sources */,
				FACCBC561BC44B7400C074B9 /* GoldenSpiralCGFilter.swift in Sources */,
				FACCBC4B1BC444E900C074B9 /* Timer.swift in Sources */,
				FA597ECF1BC4797F0061F9B1 /* UIImage+Metal.swift in Sources */,
			);
			runOnlyForDeploymentPostprocessing = 0;
		};
/* End PBXSourcesBuildPhase section */

/* Begin PBXTargetDependency section */
		FAEDBEAE1BC1722600FDBC15 /* PBXTargetDependency */ = {
			isa = PBXTargetDependency;
			target = FAEDBE971BC1722600FDBC15 /* GoldenTiler */;
			targetProxy = FAEDBEAD1BC1722600FDBC15 /* PBXContainerItemProxy */;
		};
		FAEDBEB91BC1722600FDBC15 /* PBXTargetDependency */ = {
			isa = PBXTargetDependency;
			target = FAEDBE971BC1722600FDBC15 /* GoldenTiler */;
			targetProxy = FAEDBEB81BC1722600FDBC15 /* PBXContainerItemProxy */;
		};
		FAEDBEE91BC1FCC400FDBC15 /* PBXTargetDependency */ = {
			isa = PBXTargetDependency;
			target = FAEDBEDA1BC1FCC400FDBC15 /* Extension */;
			targetProxy = FAEDBEE81BC1FCC400FDBC15 /* PBXContainerItemProxy */;
		};
/* End PBXTargetDependency section */

/* Begin PBXVariantGroup section */
		FACCBC2E1BC42D5D00C074B9 /* LaunchScreen.storyboard */ = {
			isa = PBXVariantGroup;
			children = (
				FACCBC2F1BC42D5D00C074B9 /* Base */,
			);
			name = LaunchScreen.storyboard;
			sourceTree = "<group>";
		};
		FACCBC301BC42D5D00C074B9 /* Main.storyboard */ = {
			isa = PBXVariantGroup;
			children = (
				FACCBC311BC42D5D00C074B9 /* Base */,
			);
			name = Main.storyboard;
			sourceTree = "<group>";
		};
		FACCBC391BC42D8800C074B9 /* Localizable.strings */ = {
			isa = PBXVariantGroup;
			children = (
				FACCBC381BC42D8800C074B9 /* en */,
			);
			name = Localizable.strings;
			sourceTree = "<group>";
		};
		FACCBC461BC4441D00C074B9 /* TimerFormatter.strings */ = {
			isa = PBXVariantGroup;
			children = (
				FACCBC451BC4441D00C074B9 /* en */,
			);
			name = TimerFormatter.strings;
			sourceTree = "<group>";
		};
		FAEDBEE41BC1FCC400FDBC15 /* MainInterface.storyboard */ = {
			isa = PBXVariantGroup;
			children = (
				FAEDBEE51BC1FCC400FDBC15 /* Base */,
			);
			name = MainInterface.storyboard;
			sourceTree = "<group>";
		};
/* End PBXVariantGroup section */

/* Begin XCBuildConfiguration section */
		FAEDBEBE1BC1722600FDBC15 /* Debug */ = {
			isa = XCBuildConfiguration;
			buildSettings = {
				ALWAYS_SEARCH_USER_PATHS = NO;
				CLANG_CXX_LANGUAGE_STANDARD = "gnu++0x";
				CLANG_CXX_LIBRARY = "libc++";
				CLANG_ENABLE_MODULES = YES;
				CLANG_ENABLE_OBJC_ARC = YES;
				CLANG_WARN_BOOL_CONVERSION = YES;
				CLANG_WARN_CONSTANT_CONVERSION = YES;
				CLANG_WARN_DIRECT_OBJC_ISA_USAGE = YES_ERROR;
				CLANG_WARN_EMPTY_BODY = YES;
				CLANG_WARN_ENUM_CONVERSION = YES;
				CLANG_WARN_INT_CONVERSION = YES;
				CLANG_WARN_OBJC_ROOT_CLASS = YES_ERROR;
				CLANG_WARN_UNREACHABLE_CODE = YES;
				CLANG_WARN__DUPLICATE_METHOD_MATCH = YES;
				"CODE_SIGN_IDENTITY[sdk=iphoneos*]" = "iPhone Developer";
				COPY_PHASE_STRIP = NO;
				DEBUG_INFORMATION_FORMAT = dwarf;
				ENABLE_STRICT_OBJC_MSGSEND = YES;
				ENABLE_TESTABILITY = YES;
				GCC_C_LANGUAGE_STANDARD = gnu99;
				GCC_DYNAMIC_NO_PIC = NO;
				GCC_NO_COMMON_BLOCKS = YES;
				GCC_OPTIMIZATION_LEVEL = 0;
				GCC_PREPROCESSOR_DEFINITIONS = (
					"DEBUG=1",
					"$(inherited)",
				);
				GCC_WARN_64_TO_32_BIT_CONVERSION = YES;
				GCC_WARN_ABOUT_RETURN_TYPE = YES_ERROR;
				GCC_WARN_UNDECLARED_SELECTOR = YES;
				GCC_WARN_UNINITIALIZED_AUTOS = YES_AGGRESSIVE;
				GCC_WARN_UNUSED_FUNCTION = YES;
				GCC_WARN_UNUSED_VARIABLE = YES;
				IPHONEOS_DEPLOYMENT_TARGET = 9.0;
				MTL_ENABLE_DEBUG_INFO = YES;
				ONLY_ACTIVE_ARCH = YES;
				SDKROOT = iphoneos;
				SWIFT_OPTIMIZATION_LEVEL = "-Onone";
				TARGETED_DEVICE_FAMILY = "1,2";
			};
			name = Debug;
		};
		FAEDBEBF1BC1722600FDBC15 /* Release */ = {
			isa = XCBuildConfiguration;
			buildSettings = {
				ALWAYS_SEARCH_USER_PATHS = NO;
				CLANG_CXX_LANGUAGE_STANDARD = "gnu++0x";
				CLANG_CXX_LIBRARY = "libc++";
				CLANG_ENABLE_MODULES = YES;
				CLANG_ENABLE_OBJC_ARC = YES;
				CLANG_WARN_BOOL_CONVERSION = YES;
				CLANG_WARN_CONSTANT_CONVERSION = YES;
				CLANG_WARN_DIRECT_OBJC_ISA_USAGE = YES_ERROR;
				CLANG_WARN_EMPTY_BODY = YES;
				CLANG_WARN_ENUM_CONVERSION = YES;
				CLANG_WARN_INT_CONVERSION = YES;
				CLANG_WARN_OBJC_ROOT_CLASS = YES_ERROR;
				CLANG_WARN_UNREACHABLE_CODE = YES;
				CLANG_WARN__DUPLICATE_METHOD_MATCH = YES;
				"CODE_SIGN_IDENTITY[sdk=iphoneos*]" = "iPhone Developer";
				COPY_PHASE_STRIP = NO;
				DEBUG_INFORMATION_FORMAT = "dwarf-with-dsym";
				ENABLE_NS_ASSERTIONS = NO;
				ENABLE_STRICT_OBJC_MSGSEND = YES;
				GCC_C_LANGUAGE_STANDARD = gnu99;
				GCC_NO_COMMON_BLOCKS = YES;
				GCC_WARN_64_TO_32_BIT_CONVERSION = YES;
				GCC_WARN_ABOUT_RETURN_TYPE = YES_ERROR;
				GCC_WARN_UNDECLARED_SELECTOR = YES;
				GCC_WARN_UNINITIALIZED_AUTOS = YES_AGGRESSIVE;
				GCC_WARN_UNUSED_FUNCTION = YES;
				GCC_WARN_UNUSED_VARIABLE = YES;
				IPHONEOS_DEPLOYMENT_TARGET = 9.0;
				MTL_ENABLE_DEBUG_INFO = NO;
				SDKROOT = iphoneos;
				TARGETED_DEVICE_FAMILY = "1,2";
				VALIDATE_PRODUCT = YES;
			};
			name = Release;
		};
		FAEDBEC11BC1722600FDBC15 /* Debug */ = {
			isa = XCBuildConfiguration;
			buildSettings = {
				ASSETCATALOG_COMPILER_APPICON_NAME = AppIcon;
				EMBEDDED_CONTENT_CONTAINS_SWIFT = YES;
				INFOPLIST_FILE = GoldenTiler/Info.plist;
				LD_RUNPATH_SEARCH_PATHS = "$(inherited) @executable_path/Frameworks";
				PRODUCT_BUNDLE_IDENTIFIER = com.alexkolov.GoldenTiler;
				PRODUCT_NAME = "$(TARGET_NAME)";
			};
			name = Debug;
		};
		FAEDBEC21BC1722600FDBC15 /* Release */ = {
			isa = XCBuildConfiguration;
			buildSettings = {
				ASSETCATALOG_COMPILER_APPICON_NAME = AppIcon;
				EMBEDDED_CONTENT_CONTAINS_SWIFT = YES;
				INFOPLIST_FILE = GoldenTiler/Info.plist;
				LD_RUNPATH_SEARCH_PATHS = "$(inherited) @executable_path/Frameworks";
				PRODUCT_BUNDLE_IDENTIFIER = com.alexkolov.GoldenTiler;
				PRODUCT_NAME = "$(TARGET_NAME)";
			};
			name = Release;
		};
		FAEDBEC41BC1722600FDBC15 /* Debug */ = {
			isa = XCBuildConfiguration;
			buildSettings = {
				BUNDLE_LOADER = "$(TEST_HOST)";
				INFOPLIST_FILE = GoldenTilerTests/Info.plist;
				LD_RUNPATH_SEARCH_PATHS = "$(inherited) @executable_path/Frameworks @loader_path/Frameworks";
				PRODUCT_BUNDLE_IDENTIFIER = com.alexkolov.GoldenTilerTests;
				PRODUCT_NAME = "$(TARGET_NAME)";
				TEST_HOST = "$(BUILT_PRODUCTS_DIR)/GoldenTiler.app/GoldenTiler";
			};
			name = Debug;
		};
		FAEDBEC51BC1722600FDBC15 /* Release */ = {
			isa = XCBuildConfiguration;
			buildSettings = {
				BUNDLE_LOADER = "$(TEST_HOST)";
				INFOPLIST_FILE = GoldenTilerTests/Info.plist;
				LD_RUNPATH_SEARCH_PATHS = "$(inherited) @executable_path/Frameworks @loader_path/Frameworks";
				PRODUCT_BUNDLE_IDENTIFIER = com.alexkolov.GoldenTilerTests;
				PRODUCT_NAME = "$(TARGET_NAME)";
				TEST_HOST = "$(BUILT_PRODUCTS_DIR)/GoldenTiler.app/GoldenTiler";
			};
			name = Release;
		};
		FAEDBEC71BC1722600FDBC15 /* Debug */ = {
			isa = XCBuildConfiguration;
			buildSettings = {
				INFOPLIST_FILE = GoldenTilerUITests/Info.plist;
				LD_RUNPATH_SEARCH_PATHS = "$(inherited) @executable_path/Frameworks @loader_path/Frameworks";
				PRODUCT_BUNDLE_IDENTIFIER = com.alexkolov.GoldenTilerUITests;
				PRODUCT_NAME = "$(TARGET_NAME)";
				TEST_TARGET_NAME = GoldenTiler;
				USES_XCTRUNNER = YES;
			};
			name = Debug;
		};
		FAEDBEC81BC1722600FDBC15 /* Release */ = {
			isa = XCBuildConfiguration;
			buildSettings = {
				INFOPLIST_FILE = GoldenTilerUITests/Info.plist;
				LD_RUNPATH_SEARCH_PATHS = "$(inherited) @executable_path/Frameworks @loader_path/Frameworks";
				PRODUCT_BUNDLE_IDENTIFIER = com.alexkolov.GoldenTilerUITests;
				PRODUCT_NAME = "$(TARGET_NAME)";
				TEST_TARGET_NAME = GoldenTiler;
				USES_XCTRUNNER = YES;
			};
			name = Release;
		};
		FAEDBEEC1BC1FCC400FDBC15 /* Debug */ = {
			isa = XCBuildConfiguration;
			buildSettings = {
				INFOPLIST_FILE = Extension/Info.plist;
				LD_RUNPATH_SEARCH_PATHS = "$(inherited) @executable_path/Frameworks @executable_path/../../Frameworks";
				PRODUCT_BUNDLE_IDENTIFIER = com.alexkolov.GoldenTiler.Extension;
				PRODUCT_NAME = "$(TARGET_NAME)";
				SKIP_INSTALL = YES;
			};
			name = Debug;
		};
		FAEDBEED1BC1FCC400FDBC15 /* Release */ = {
			isa = XCBuildConfiguration;
			buildSettings = {
				INFOPLIST_FILE = Extension/Info.plist;
				LD_RUNPATH_SEARCH_PATHS = "$(inherited) @executable_path/Frameworks @executable_path/../../Frameworks";
				PRODUCT_BUNDLE_IDENTIFIER = com.alexkolov.GoldenTiler.Extension;
				PRODUCT_NAME = "$(TARGET_NAME)";
				SKIP_INSTALL = YES;
			};
			name = Release;
		};
/* End XCBuildConfiguration section */

/* Begin XCConfigurationList section */
		FAEDBE931BC1722600FDBC15 /* Build configuration list for PBXProject "GoldenTiler" */ = {
			isa = XCConfigurationList;
			buildConfigurations = (
				FAEDBEBE1BC1722600FDBC15 /* Debug */,
				FAEDBEBF1BC1722600FDBC15 /* Release */,
			);
			defaultConfigurationIsVisible = 0;
			defaultConfigurationName = Release;
		};
		FAEDBEC01BC1722600FDBC15 /* Build configuration list for PBXNativeTarget "GoldenTiler" */ = {
			isa = XCConfigurationList;
			buildConfigurations = (
				FAEDBEC11BC1722600FDBC15 /* Debug */,
				FAEDBEC21BC1722600FDBC15 /* Release */,
			);
			defaultConfigurationIsVisible = 0;
			defaultConfigurationName = Release;
		};
		FAEDBEC31BC1722600FDBC15 /* Build configuration list for PBXNativeTarget "GoldenTilerTests" */ = {
			isa = XCConfigurationList;
			buildConfigurations = (
				FAEDBEC41BC1722600FDBC15 /* Debug */,
				FAEDBEC51BC1722600FDBC15 /* Release */,
			);
			defaultConfigurationIsVisible = 0;
			defaultConfigurationName = Release;
		};
		FAEDBEC61BC1722600FDBC15 /* Build configuration list for PBXNativeTarget "GoldenTilerUITests" */ = {
			isa = XCConfigurationList;
			buildConfigurations = (
				FAEDBEC71BC1722600FDBC15 /* Debug */,
				FAEDBEC81BC1722600FDBC15 /* Release */,
			);
			defaultConfigurationIsVisible = 0;
			defaultConfigurationName = Release;
		};
		FAEDBEEB1BC1FCC400FDBC15 /* Build configuration list for PBXNativeTarget "Extension" */ = {
			isa = XCConfigurationList;
			buildConfigurations = (
				FAEDBEEC1BC1FCC400FDBC15 /* Debug */,
				FAEDBEED1BC1FCC400FDBC15 /* Release */,
			);
			defaultConfigurationIsVisible = 0;
			defaultConfigurationName = Release;
		};
/* End XCConfigurationList section */
	};
	rootObject = FAEDBE901BC1722600FDBC15 /* Project object */;
}
